
Microsoft Visual Studio Solution File, Format Version 12.00
# Visual Studio Version 17
VisualStudioVersion = 17.2.32616.157
MinimumVisualStudioVersion = 10.0.40219.1
Project("{9A19103F-16F7-4668-BE54-9A1E7A4F7556}") = "LMSapplication", "LMSapplication\LMSapplication.csproj", "{86090F52-2221-4B4E-B8C1-EEA68D3DC58F}"
EndProject
Global
	GlobalSection(SolutionConfigurationPlatforms) = preSolution
		Debug|Any CPU = Debug|Any CPU
		Release|Any CPU = Release|Any CPU
	EndGlobalSection
	GlobalSection(ProjectConfigurationPlatforms) = postSolution
		{86090F52-2221-4B4E-B8C1-EEA68D3DC58F}.Debug|Any CPU.ActiveCfg = Debug|Any CPU
		{86090F52-2221-4B4E-B8C1-EEA68D3DC58F}.Debug|Any CPU.Build.0 = Debug|Any CPU
		{86090F52-2221-4B4E-B8C1-EEA68D3DC58F}.Release|Any CPU.ActiveCfg = Release|Any CPU
		{86090F52-2221-4B4E-B8C1-EEA68D3DC58F}.Release|Any CPU.Build.0 = Release|Any CPU
	EndGlobalSection
	GlobalSection(SolutionProperties) = preSolution
		HideSolutionNode = FALSE
	EndGlobalSection
	GlobalSection(ExtensibilityGlobals) = postSolution
		SolutionGuid = {D52AD949-9C82-4EA7-9FF3-9FE5F3D96E20}
	EndGlobalSection
EndGlobal
